PODS:
  - Bolts (1.2.0):
    - Bolts/AppLinks (= 1.2.0)
    - Bolts/Tasks (= 1.2.0)
  - Bolts/AppLinks (1.2.0):
    - Bolts/Tasks
  - Bolts/Tasks (1.2.0)
  - CrittercismSDK (5.2.0)
  - ELCImagePickerController (0.2.0)
  - Facebook-iOS-SDK (3.23.2):
    - Bolts (~> 1.0)
  - FlurrySDK (6.5.0):
    - FlurrySDK/FlurrySDK (= 6.5.0)
  - FlurrySDK/FlurrySDK (6.5.0)
  - GoogleAnalytics-iOS-SDK (3.12):
    - GoogleAnalytics-iOS-SDK/Core (= 3.12)
  - GoogleAnalytics-iOS-SDK/Core (3.12)
  - HexColors (2.2.1)
  - KIF (3.2.3):
    - KIF/XCTest (= 3.2.3)
  - KIF/XCTest (3.2.3)
  - Masonry (0.6.1)
  - Parse (1.7.5):
    - Bolts/Tasks (>= 1.2.0)
  - ParseFacebookUtils (1.7.5):
    - Bolts/Tasks (>= 1.2.0)
    - Facebook-iOS-SDK (~> 3.23)
    - Parse (~> 1.7.5)
  - SVPullToRefresh (0.4.1)
  - TSMessages (0.9.12):
    - HexColors

DEPENDENCIES:
  - CrittercismSDK (~> 5.2)
  - ELCImagePickerController (~> 0.2)
  - Facebook-iOS-SDK (~> 3.23)
  - FlurrySDK (~> 6.5)
  - GoogleAnalytics-iOS-SDK
  - KIF (~> 3.0)
  - Masonry (~> 0.6)
  - ParseFacebookUtils (~> 1.7)
  - SVPullToRefresh (~> 0.4)
  - TSMessages (from `https://github.com/nyus2014/TSMessages.git`, branch `huang`)

EXTERNAL SOURCES:
  TSMessages:
    :branch: huang
    :git: https://github.com/nyus2014/TSMessages.git

CHECKOUT OPTIONS:
  TSMessages:
    :commit: 23bf8732ee4cc08247d6eb09239d3b6268d25ad1
    :git: https://github.com/nyus2014/TSMessages.git

SPEC CHECKSUMS:
  Bolts: d176cb1e0012175589e389a9db49b85e27787576
  CrittercismSDK: b22f9541803c2babb1c8996862b097dc47ec7105
  ELCImagePickerController: b1b7084434a7d49f2cfc916bde1f3ba353d38de9
  Facebook-iOS-SDK: cd87f0b2f0c1d9574b44e8fa2baacc275524bac3
  FlurrySDK: 7e749c1bd22f4fb0a863663e38c58bc841980b25
  GoogleAnalytics-iOS-SDK: 13241762fa4aea845eb75bef6c0da3427a26e7b3
  HexColors: abfd172e329dab59888614ccba6f216cec59289d
  KIF: a94bffe9c97e449e44f8fa481c53243d21309e1e
  Masonry: 4972309f2f134de9dd312f4dc4a21359b50e6caa
  Parse: 7c0f115eff3e0cea3fac08d50bda47154edb8832
  ParseFacebookUtils: ebd2bc2b4134f25aa8a7ed3c33fa0575b8ce921c
  SVPullToRefresh: ba2e718695a43253d8bea6852d2960097dc15d8c
  TSMessages: 2a52642128d7ab15b46930c810b9c9403a2b58f3

COCOAPODS: 0.37.2
