// !$*UTF8*$!
{
	archiveVersion = 1;
	classes = {
	};
	objectVersion = 46;
	objects = {

/* Begin PBXBuildFile section */
		501A5E4F19A5756D0050BFA6 /* LifestyleTableViewController.m in Sources */ = {isa = PBXBuildFile; fileRef = 501A5E4E19A5756D0050BFA6 /* LifestyleTableViewController.m */; };
		501A5E5619A579C70050BFA6 /* Model.xcdatamodeld in Sources */ = {isa = PBXBuildFile; fileRef = 501A5E5419A579C70050BFA6 /* Model.xcdatamodeld */; };
		501A5E5819A579D10050BFA6 /* CoreData.framework in Frameworks */ = {isa = PBXBuildFile; fileRef = 501A5E5719A579D10050BFA6 /* CoreData.framework */; };
		501A5E5B19A57B4D0050BFA6 /* SharedDataManager.m in Sources */ = {isa = PBXBuildFile; fileRef = 501A5E5A19A57B4D0050BFA6 /* SharedDataManager.m */; };
		501A5E6419A57D800050BFA6 /* LifestyleCategory.m in Sources */ = {isa = PBXBuildFile; fileRef = 501A5E6319A57D800050BFA6 /* LifestyleCategory.m */; };
		501A5E6819A583B10050BFA6 /* LifestyleCategory+Utilities.m in Sources */ = {isa = PBXBuildFile; fileRef = 501A5E6719A583B10050BFA6 /* LifestyleCategory+Utilities.m */; };
		501A5E6B19A6B10D0050BFA6 /* Query.m in Sources */ = {isa = PBXBuildFile; fileRef = 501A5E6A19A6B10D0050BFA6 /* Query.m */; };
		501A5E6E19A6B1F40050BFA6 /* FPLogger.m in Sources */ = {isa = PBXBuildFile; fileRef = 501A5E6D19A6B1F40050BFA6 /* FPLogger.m */; };
		501A5E7119A6CBE00050BFA6 /* Helper.m in Sources */ = {isa = PBXBuildFile; fileRef = 501A5E7019A6CBE00050BFA6 /* Helper.m */; };
		501A5E7319A6CE610050BFA6 /* Parse.framework in Frameworks */ = {isa = PBXBuildFile; fileRef = 501A5E7219A6CE610050BFA6 /* Parse.framework */; };
		5040547819A6CF610050853A /* SystemConfiguration.framework in Frameworks */ = {isa = PBXBuildFile; fileRef = 5040547719A6CF610050853A /* SystemConfiguration.framework */; };
		5040547A19A6CF690050853A /* Security.framework in Frameworks */ = {isa = PBXBuildFile; fileRef = 5040547919A6CF690050853A /* Security.framework */; };
		5040547C19A6CF900050853A /* AudioToolbox.framework in Frameworks */ = {isa = PBXBuildFile; fileRef = 5040547B19A6CF900050853A /* AudioToolbox.framework */; };
		5040547E19A6CF960050853A /* CFNetwork.framework in Frameworks */ = {isa = PBXBuildFile; fileRef = 5040547D19A6CF960050853A /* CFNetwork.framework */; };
		5040548019A6CF9F0050853A /* CoreLocation.framework in Frameworks */ = {isa = PBXBuildFile; fileRef = 5040547F19A6CF9F0050853A /* CoreLocation.framework */; };
		5040548219A6CFA50050853A /* libz.dylib in Frameworks */ = {isa = PBXBuildFile; fileRef = 5040548119A6CFA50050853A /* libz.dylib */; };
		5040548419A6CFAA0050853A /* MobileCoreServices.framework in Frameworks */ = {isa = PBXBuildFile; fileRef = 5040548319A6CFAA0050853A /* MobileCoreServices.framework */; };
		5040548619A6CFAE0050853A /* QuartzCore.framework in Frameworks */ = {isa = PBXBuildFile; fileRef = 5040548519A6CFAE0050853A /* QuartzCore.framework */; };
		5040548819A6CFB40050853A /* StoreKit.framework in Frameworks */ = {isa = PBXBuildFile; fileRef = 5040548719A6CFB40050853A /* StoreKit.framework */; };
		5092160B19AA45AD00304EDD /* GenericTableViewCell.m in Sources */ = {isa = PBXBuildFile; fileRef = 5092160A19AA45AD00304EDD /* GenericTableViewCell.m */; };
		5092160E19AA463700304EDD /* LifestyleObjectDetailTableViewController.m in Sources */ = {isa = PBXBuildFile; fileRef = 5092160D19AA463700304EDD /* LifestyleObjectDetailTableViewController.m */; };
		5092161519AA58E900304EDD /* LifestyleObject.m in Sources */ = {isa = PBXBuildFile; fileRef = 5092161419AA58E900304EDD /* LifestyleObject.m */; };
		50B28C4F19A8EFB700398BA4 /* royalOak.gpx in Resources */ = {isa = PBXBuildFile; fileRef = 50B28C4E19A8EFB700398BA4 /* royalOak.gpx */; };
		50B28C5319A8FA3000398BA4 /* NSString+Map.m in Sources */ = {isa = PBXBuildFile; fileRef = 50B28C5219A8FA3000398BA4 /* NSString+Map.m */; };
		50B28C5619A90ACB00398BA4 /* PFQuery+Utilities.m in Sources */ = {isa = PBXBuildFile; fileRef = 50B28C5519A90ACB00398BA4 /* PFQuery+Utilities.m */; };
		50B83F9719A96A42007BE9F7 /* LifestyleObject+Utilities.m in Sources */ = {isa = PBXBuildFile; fileRef = 50B83F9619A96A42007BE9F7 /* LifestyleObject+Utilities.m */; };
		50B83F9A19A97A90007BE9F7 /* CustomMKPointAnnotation.m in Sources */ = {isa = PBXBuildFile; fileRef = 50B83F9919A97A90007BE9F7 /* CustomMKPointAnnotation.m */; };
		50C2FBE619A92701009395A0 /* NSPredicate+Utilities.m in Sources */ = {isa = PBXBuildFile; fileRef = 50C2FBE519A92701009395A0 /* NSPredicate+Utilities.m */; };
		50F5F6FB19AEAA0000DC9735 /* Reachability.m in Sources */ = {isa = PBXBuildFile; fileRef = 50F5F6FA19AEAA0000DC9735 /* Reachability.m */; };
		652BAB81199D3CCA009F5F5A /* Foundation.framework in Frameworks */ = {isa = PBXBuildFile; fileRef = 652BAB80199D3CCA009F5F5A /* Foundation.framework */; };
		652BAB83199D3CCA009F5F5A /* CoreGraphics.framework in Frameworks */ = {isa = PBXBuildFile; fileRef = 652BAB82199D3CCA009F5F5A /* CoreGraphics.framework */; };
		652BAB85199D3CCA009F5F5A /* UIKit.framework in Frameworks */ = {isa = PBXBuildFile; fileRef = 652BAB84199D3CCA009F5F5A /* UIKit.framework */; };
		652BAB8B199D3CCA009F5F5A /* InfoPlist.strings in Resources */ = {isa = PBXBuildFile; fileRef = 652BAB89199D3CCA009F5F5A /* InfoPlist.strings */; };
		652BAB8D199D3CCA009F5F5A /* main.m in Sources */ = {isa = PBXBuildFile; fileRef = 652BAB8C199D3CCA009F5F5A /* main.m */; };
		652BAB91199D3CCA009F5F5A /* AppDelegate.m in Sources */ = {isa = PBXBuildFile; fileRef = 652BAB90199D3CCA009F5F5A /* AppDelegate.m */; };
		652BAB94199D3CCA009F5F5A /* Main.storyboard in Resources */ = {isa = PBXBuildFile; fileRef = 652BAB92199D3CCA009F5F5A /* Main.storyboard */; };
		652BAB97199D3CCA009F5F5A /* ViewController.m in Sources */ = {isa = PBXBuildFile; fileRef = 652BAB96199D3CCA009F5F5A /* ViewController.m */; };
		652BAB99199D3CCA009F5F5A /* Images.xcassets in Resources */ = {isa = PBXBuildFile; fileRef = 652BAB98199D3CCA009F5F5A /* Images.xcassets */; };
		652BABA0199D3CCA009F5F5A /* XCTest.framework in Frameworks */ = {isa = PBXBuildFile; fileRef = 652BAB9F199D3CCA009F5F5A /* XCTest.framework */; };
		652BABA1199D3CCA009F5F5A /* Foundation.framework in Frameworks */ = {isa = PBXBuildFile; fileRef = 652BAB80199D3CCA009F5F5A /* Foundation.framework */; };
		652BABA2199D3CCA009F5F5A /* UIKit.framework in Frameworks */ = {isa = PBXBuildFile; fileRef = 652BAB84199D3CCA009F5F5A /* UIKit.framework */; };
		652BABAA199D3CCA009F5F5A /* InfoPlist.strings in Resources */ = {isa = PBXBuildFile; fileRef = 652BABA8199D3CCA009F5F5A /* InfoPlist.strings */; };
		652BABAC199D3CCA009F5F5A /* CIUTests.m in Sources */ = {isa = PBXBuildFile; fileRef = 652BABAB199D3CCA009F5F5A /* CIUTests.m */; };
		652CF13719B1188500FE0AC0 /* CIUapp_icon.png in Resources */ = {isa = PBXBuildFile; fileRef = 652CF13619B1188500FE0AC0 /* CIUapp_icon.png */; };
		6564F1F6199D422A00629B48 /* StartupViewController.m in Sources */ = {isa = PBXBuildFile; fileRef = 6564F1F5199D422A00629B48 /* StartupViewController.m */; };
		6564F1F9199D4CAF00629B48 /* TabbarController.m in Sources */ = {isa = PBXBuildFile; fileRef = 6564F1F8199D4CAF00629B48 /* TabbarController.m */; };
		6564F1FC199E3E8D00629B48 /* GenericTableViewController.m in Sources */ = {isa = PBXBuildFile; fileRef = 6564F1FB199E3E8D00629B48 /* GenericTableViewController.m */; };
		6564F24419A7835000629B48 /* MapKit.framework in Frameworks */ = {isa = PBXBuildFile; fileRef = 6564F24319A7835000629B48 /* MapKit.framework */; };
		6564F24719A78D1100629B48 /* LifestyleDetailViewController.m in Sources */ = {isa = PBXBuildFile; fileRef = 6564F24619A78D1100629B48 /* LifestyleDetailViewController.m */; };
		65C4F0B719AFB201004452C3 /* StatusViewController.m in Sources */ = {isa = PBXBuildFile; fileRef = 65C4F0B619AFB201004452C3 /* StatusViewController.m */; };
		65C4F0BA19AFB21D004452C3 /* StatusTableViewCell.m in Sources */ = {isa = PBXBuildFile; fileRef = 65C4F0B919AFB21D004452C3 /* StatusTableViewCell.m */; };
		65C4F0BC19AFB240004452C3 /* default-user-icon-profile.png in Resources */ = {isa = PBXBuildFile; fileRef = 65C4F0BB19AFB240004452C3 /* default-user-icon-profile.png */; };
		65C4F0BE19AFB2B8004452C3 /* comment_icon.png in Resources */ = {isa = PBXBuildFile; fileRef = 65C4F0BD19AFB2B8004452C3 /* comment_icon.png */; };
		65C4F0C219AFB67C004452C3 /* ComposeNewStatusViewController.m in Sources */ = {isa = PBXBuildFile; fileRef = 65C4F0C119AFB67C004452C3 /* ComposeNewStatusViewController.m */; };
		65C4F0C419AFB6AE004452C3 /* camera.png in Resources */ = {isa = PBXBuildFile; fileRef = 65C4F0C319AFB6AE004452C3 /* camera.png */; };
		65C4F0C719AFB792004452C3 /* CommentStatusViewController.m in Sources */ = {isa = PBXBuildFile; fileRef = 65C4F0C619AFB792004452C3 /* CommentStatusViewController.m */; };
		65C4F0D719AFBAFB004452C3 /* Status.m in Sources */ = {isa = PBXBuildFile; fileRef = 65C4F0D619AFBAFB004452C3 /* Status.m */; };
		65C4F0DA19AFBB2B004452C3 /* ImageCollectionViewCell.m in Sources */ = {isa = PBXBuildFile; fileRef = 65C4F0D919AFBB2B004452C3 /* ImageCollectionViewCell.m */; };
		65C4F0DD19AFBB94004452C3 /* AvatarAndUsernameTableViewCell.m in Sources */ = {isa = PBXBuildFile; fileRef = 65C4F0DC19AFBB94004452C3 /* AvatarAndUsernameTableViewCell.m */; };
		65C4F0E019AFBBA8004452C3 /* LoadingTableViewCell.m in Sources */ = {isa = PBXBuildFile; fileRef = 65C4F0DF19AFBBA8004452C3 /* LoadingTableViewCell.m */; };
		65C4F0E319AFBBB9004452C3 /* UITextView+Utilities.m in Sources */ = {isa = PBXBuildFile; fileRef = 65C4F0E219AFBBB9004452C3 /* UITextView+Utilities.m */; };
		65C4F0E619AFBBD8004452C3 /* ComposeStatusPhotoCollectionViewCell.m in Sources */ = {isa = PBXBuildFile; fileRef = 65C4F0E519AFBBD8004452C3 /* ComposeStatusPhotoCollectionViewCell.m */; };
		65C4F0FA19AFBBEA004452C3 /* ELCAlbumPickerController.m in Sources */ = {isa = PBXBuildFile; fileRef = 65C4F0E919AFBBEA004452C3 /* ELCAlbumPickerController.m */; };
		65C4F0FB19AFBBEA004452C3 /* ELCAsset.m in Sources */ = {isa = PBXBuildFile; fileRef = 65C4F0EB19AFBBEA004452C3 /* ELCAsset.m */; };
		65C4F0FC19AFBBEA004452C3 /* ELCAssetCell.m in Sources */ = {isa = PBXBuildFile; fileRef = 65C4F0ED19AFBBEA004452C3 /* ELCAssetCell.m */; };
		65C4F0FD19AFBBEA004452C3 /* ELCAssetTablePicker.m in Sources */ = {isa = PBXBuildFile; fileRef = 65C4F0F119AFBBEA004452C3 /* ELCAssetTablePicker.m */; };
		65C4F0FE19AFBBEA004452C3 /* ELCImagePickerController.m in Sources */ = {isa = PBXBuildFile; fileRef = 65C4F0F319AFBBEA004452C3 /* ELCImagePickerController.m */; };
		65C4F0FF19AFBBEA004452C3 /* ELCAlbumPickerController.xib in Resources */ = {isa = PBXBuildFile; fileRef = 65C4F0F519AFBBEA004452C3 /* ELCAlbumPickerController.xib */; };
		65C4F10019AFBBEA004452C3 /* ELCAssetPicker.xib in Resources */ = {isa = PBXBuildFile; fileRef = 65C4F0F619AFBBEA004452C3 /* ELCAssetPicker.xib */; };
		65C4F10119AFBBEA004452C3 /* ELCAssetTablePicker.xib in Resources */ = {isa = PBXBuildFile; fileRef = 65C4F0F719AFBBEA004452C3 /* ELCAssetTablePicker.xib */; };
		65C4F10219AFBBEA004452C3 /* Overlay.png in Resources */ = {isa = PBXBuildFile; fileRef = 65C4F0F819AFBBEA004452C3 /* Overlay.png */; };
		65C4F10319AFBBEA004452C3 /* Overlay@2x.png in Resources */ = {isa = PBXBuildFile; fileRef = 65C4F0F919AFBBEA004452C3 /* Overlay@2x.png */; };
		65C4F10619AFBC07004452C3 /* StatusObject.m in Sources */ = {isa = PBXBuildFile; fileRef = 65C4F10519AFBC07004452C3 /* StatusObject.m */; };
		65C4F10919AFBC63004452C3 /* BaseViewControllerWithStatusTableView.m in Sources */ = {isa = PBXBuildFile; fileRef = 65C4F10819AFBC63004452C3 /* BaseViewControllerWithStatusTableView.m */; };
		65C4F10C19AFBC7E004452C3 /* SpinnerImageView.m in Sources */ = {isa = PBXBuildFile; fileRef = 65C4F10B19AFBC7E004452C3 /* SpinnerImageView.m */; };
		65C4F10F19AFBD21004452C3 /* LogInViewController.m in Sources */ = {isa = PBXBuildFile; fileRef = 65C4F10E19AFBD21004452C3 /* LogInViewController.m */; };
		65C4F11219AFBD53004452C3 /* SignUpViewController.m in Sources */ = {isa = PBXBuildFile; fileRef = 65C4F11119AFBD53004452C3 /* SignUpViewController.m */; };
/* End PBXBuildFile section */

/* Begin PBXContainerItemProxy section */
		652BABA3199D3CCA009F5F5A /* PBXContainerItemProxy */ = {
			isa = PBXContainerItemProxy;
			containerPortal = 652BAB75199D3CCA009F5F5A /* Project object */;
			proxyType = 1;
			remoteGlobalIDString = 652BAB7C199D3CCA009F5F5A;
			remoteInfo = CIU;
		};
/* End PBXContainerItemProxy section */

/* Begin PBXFileReference section */
		501A5E4D19A5756D0050BFA6 /* LifestyleTableViewController.h */ = {isa = PBXFileReference; fileEncoding = 4; lastKnownFileType = sourcecode.c.h; path = LifestyleTableViewController.h; sourceTree = "<group>"; };
		501A5E4E19A5756D0050BFA6 /* LifestyleTableViewController.m */ = {isa = PBXFileReference; fileEncoding = 4; lastKnownFileType = sourcecode.c.objc; path = LifestyleTableViewController.m; sourceTree = "<group>"; };
		501A5E5019A578A00050BFA6 /* bundle1.o */ = {isa = PBXFileReference; lastKnownFileType = "compiled.mach-o.objfile"; name = bundle1.o; path = usr/lib/bundle1.o; sourceTree = SDKROOT; };
		501A5E5519A579C70050BFA6 /* Model.xcdatamodel */ = {isa = PBXFileReference; lastKnownFileType = wrapper.xcdatamodel; path = Model.xcdatamodel; sourceTree = "<group>"; };
		501A5E5719A579D10050BFA6 /* CoreData.framework */ = {isa = PBXFileReference; lastKnownFileType = wrapper.framework; name = CoreData.framework; path = System/Library/Frameworks/CoreData.framework; sourceTree = SDKROOT; };
		501A5E5919A57B4D0050BFA6 /* SharedDataManager.h */ = {isa = PBXFileReference; fileEncoding = 4; lastKnownFileType = sourcecode.c.h; path = SharedDataManager.h; sourceTree = "<group>"; };
		501A5E5A19A57B4D0050BFA6 /* SharedDataManager.m */ = {isa = PBXFileReference; fileEncoding = 4; lastKnownFileType = sourcecode.c.objc; path = SharedDataManager.m; sourceTree = "<group>"; };
		501A5E6219A57D800050BFA6 /* LifestyleCategory.h */ = {isa = PBXFileReference; fileEncoding = 4; lastKnownFileType = sourcecode.c.h; path = LifestyleCategory.h; sourceTree = "<group>"; };
		501A5E6319A57D800050BFA6 /* LifestyleCategory.m */ = {isa = PBXFileReference; fileEncoding = 4; lastKnownFileType = sourcecode.c.objc; path = LifestyleCategory.m; sourceTree = "<group>"; };
		501A5E6619A583B10050BFA6 /* LifestyleCategory+Utilities.h */ = {isa = PBXFileReference; fileEncoding = 4; lastKnownFileType = sourcecode.c.h; path = "LifestyleCategory+Utilities.h"; sourceTree = "<group>"; };
		501A5E6719A583B10050BFA6 /* LifestyleCategory+Utilities.m */ = {isa = PBXFileReference; fileEncoding = 4; lastKnownFileType = sourcecode.c.objc; path = "LifestyleCategory+Utilities.m"; sourceTree = "<group>"; };
		501A5E6919A6B10D0050BFA6 /* Query.h */ = {isa = PBXFileReference; fileEncoding = 4; lastKnownFileType = sourcecode.c.h; path = Query.h; sourceTree = "<group>"; };
		501A5E6A19A6B10D0050BFA6 /* Query.m */ = {isa = PBXFileReference; fileEncoding = 4; lastKnownFileType = sourcecode.c.objc; path = Query.m; sourceTree = "<group>"; };
		501A5E6C19A6B1D80050BFA6 /* FPLogger.h */ = {isa = PBXFileReference; fileEncoding = 4; lastKnownFileType = sourcecode.c.h; path = FPLogger.h; sourceTree = "<group>"; };
		501A5E6D19A6B1F40050BFA6 /* FPLogger.m */ = {isa = PBXFileReference; fileEncoding = 4; lastKnownFileType = sourcecode.c.objc; path = FPLogger.m; sourceTree = "<group>"; };
		501A5E6F19A6CBE00050BFA6 /* Helper.h */ = {isa = PBXFileReference; fileEncoding = 4; lastKnownFileType = sourcecode.c.h; path = Helper.h; sourceTree = "<group>"; };
		501A5E7019A6CBE00050BFA6 /* Helper.m */ = {isa = PBXFileReference; fileEncoding = 4; lastKnownFileType = sourcecode.c.objc; path = Helper.m; sourceTree = "<group>"; };
		501A5E7219A6CE610050BFA6 /* Parse.framework */ = {isa = PBXFileReference; lastKnownFileType = wrapper.framework; path = Parse.framework; sourceTree = "<group>"; };
		5040547719A6CF610050853A /* SystemConfiguration.framework */ = {isa = PBXFileReference; lastKnownFileType = wrapper.framework; name = SystemConfiguration.framework; path = System/Library/Frameworks/SystemConfiguration.framework; sourceTree = SDKROOT; };
		5040547919A6CF690050853A /* Security.framework */ = {isa = PBXFileReference; lastKnownFileType = wrapper.framework; name = Security.framework; path = System/Library/Frameworks/Security.framework; sourceTree = SDKROOT; };
		5040547B19A6CF900050853A /* AudioToolbox.framework */ = {isa = PBXFileReference; lastKnownFileType = wrapper.framework; name = AudioToolbox.framework; path = System/Library/Frameworks/AudioToolbox.framework; sourceTree = SDKROOT; };
		5040547D19A6CF960050853A /* CFNetwork.framework */ = {isa = PBXFileReference; lastKnownFileType = wrapper.framework; name = CFNetwork.framework; path = System/Library/Frameworks/CFNetwork.framework; sourceTree = SDKROOT; };
		5040547F19A6CF9F0050853A /* CoreLocation.framework */ = {isa = PBXFileReference; lastKnownFileType = wrapper.framework; name = CoreLocation.framework; path = System/Library/Frameworks/CoreLocation.framework; sourceTree = SDKROOT; };
		5040548119A6CFA50050853A /* libz.dylib */ = {isa = PBXFileReference; lastKnownFileType = "compiled.mach-o.dylib"; name = libz.dylib; path = usr/lib/libz.dylib; sourceTree = SDKROOT; };
		5040548319A6CFAA0050853A /* MobileCoreServices.framework */ = {isa = PBXFileReference; lastKnownFileType = wrapper.framework; name = MobileCoreServices.framework; path = System/Library/Frameworks/MobileCoreServices.framework; sourceTree = SDKROOT; };
		5040548519A6CFAE0050853A /* QuartzCore.framework */ = {isa = PBXFileReference; lastKnownFileType = wrapper.framework; name = QuartzCore.framework; path = System/Library/Frameworks/QuartzCore.framework; sourceTree = SDKROOT; };
		5040548719A6CFB40050853A /* StoreKit.framework */ = {isa = PBXFileReference; lastKnownFileType = wrapper.framework; name = StoreKit.framework; path = System/Library/Frameworks/StoreKit.framework; sourceTree = SDKROOT; };
		5092160919AA45AD00304EDD /* GenericTableViewCell.h */ = {isa = PBXFileReference; fileEncoding = 4; lastKnownFileType = sourcecode.c.h; path = GenericTableViewCell.h; sourceTree = "<group>"; };
		5092160A19AA45AD00304EDD /* GenericTableViewCell.m */ = {isa = PBXFileReference; fileEncoding = 4; lastKnownFileType = sourcecode.c.objc; path = GenericTableViewCell.m; sourceTree = "<group>"; };
		5092160C19AA463700304EDD /* LifestyleObjectDetailTableViewController.h */ = {isa = PBXFileReference; fileEncoding = 4; lastKnownFileType = sourcecode.c.h; path = LifestyleObjectDetailTableViewController.h; sourceTree = "<group>"; };
		5092160D19AA463700304EDD /* LifestyleObjectDetailTableViewController.m */ = {isa = PBXFileReference; fileEncoding = 4; lastKnownFileType = sourcecode.c.objc; path = LifestyleObjectDetailTableViewController.m; sourceTree = "<group>"; };
		5092161319AA58E900304EDD /* LifestyleObject.h */ = {isa = PBXFileReference; fileEncoding = 4; lastKnownFileType = sourcecode.c.h; path = LifestyleObject.h; sourceTree = "<group>"; };
		5092161419AA58E900304EDD /* LifestyleObject.m */ = {isa = PBXFileReference; fileEncoding = 4; lastKnownFileType = sourcecode.c.objc; path = LifestyleObject.m; sourceTree = "<group>"; };
		50B28C4E19A8EFB700398BA4 /* royalOak.gpx */ = {isa = PBXFileReference; fileEncoding = 4; lastKnownFileType = text.xml; path = royalOak.gpx; sourceTree = "<group>"; };
		50B28C5119A8FA3000398BA4 /* NSString+Map.h */ = {isa = PBXFileReference; fileEncoding = 4; lastKnownFileType = sourcecode.c.h; path = "NSString+Map.h"; sourceTree = "<group>"; };
		50B28C5219A8FA3000398BA4 /* NSString+Map.m */ = {isa = PBXFileReference; fileEncoding = 4; lastKnownFileType = sourcecode.c.objc; path = "NSString+Map.m"; sourceTree = "<group>"; };
		50B28C5419A90ACB00398BA4 /* PFQuery+Utilities.h */ = {isa = PBXFileReference; fileEncoding = 4; lastKnownFileType = sourcecode.c.h; path = "PFQuery+Utilities.h"; sourceTree = "<group>"; };
		50B28C5519A90ACB00398BA4 /* PFQuery+Utilities.m */ = {isa = PBXFileReference; fileEncoding = 4; lastKnownFileType = sourcecode.c.objc; path = "PFQuery+Utilities.m"; sourceTree = "<group>"; };
		50B83F9519A96A42007BE9F7 /* LifestyleObject+Utilities.h */ = {isa = PBXFileReference; fileEncoding = 4; lastKnownFileType = sourcecode.c.h; path = "LifestyleObject+Utilities.h"; sourceTree = "<group>"; };
		50B83F9619A96A42007BE9F7 /* LifestyleObject+Utilities.m */ = {isa = PBXFileReference; fileEncoding = 4; lastKnownFileType = sourcecode.c.objc; path = "LifestyleObject+Utilities.m"; sourceTree = "<group>"; };
		50B83F9819A97A90007BE9F7 /* CustomMKPointAnnotation.h */ = {isa = PBXFileReference; fileEncoding = 4; lastKnownFileType = sourcecode.c.h; path = CustomMKPointAnnotation.h; sourceTree = "<group>"; };
		50B83F9919A97A90007BE9F7 /* CustomMKPointAnnotation.m */ = {isa = PBXFileReference; fileEncoding = 4; lastKnownFileType = sourcecode.c.objc; path = CustomMKPointAnnotation.m; sourceTree = "<group>"; };
		50C2FBE419A92701009395A0 /* NSPredicate+Utilities.h */ = {isa = PBXFileReference; fileEncoding = 4; lastKnownFileType = sourcecode.c.h; path = "NSPredicate+Utilities.h"; sourceTree = "<group>"; };
		50C2FBE519A92701009395A0 /* NSPredicate+Utilities.m */ = {isa = PBXFileReference; fileEncoding = 4; lastKnownFileType = sourcecode.c.objc; path = "NSPredicate+Utilities.m"; sourceTree = "<group>"; };
		50F5F6F919AEAA0000DC9735 /* Reachability.h */ = {isa = PBXFileReference; fileEncoding = 4; lastKnownFileType = sourcecode.c.h; path = Reachability.h; sourceTree = "<group>"; };
		50F5F6FA19AEAA0000DC9735 /* Reachability.m */ = {isa = PBXFileReference; fileEncoding = 4; lastKnownFileType = sourcecode.c.objc; path = Reachability.m; sourceTree = "<group>"; };
		652BAB7D199D3CCA009F5F5A /* CIU.app */ = {isa = PBXFileReference; explicitFileType = wrapper.application; includeInIndex = 0; path = CIU.app; sourceTree = BUILT_PRODUCTS_DIR; };
		652BAB80199D3CCA009F5F5A /* Foundation.framework */ = {isa = PBXFileReference; lastKnownFileType = wrapper.framework; name = Foundation.framework; path = System/Library/Frameworks/Foundation.framework; sourceTree = SDKROOT; };
		652BAB82199D3CCA009F5F5A /* CoreGraphics.framework */ = {isa = PBXFileReference; lastKnownFileType = wrapper.framework; name = CoreGraphics.framework; path = System/Library/Frameworks/CoreGraphics.framework; sourceTree = SDKROOT; };
		652BAB84199D3CCA009F5F5A /* UIKit.framework */ = {isa = PBXFileReference; lastKnownFileType = wrapper.framework; name = UIKit.framework; path = System/Library/Frameworks/UIKit.framework; sourceTree = SDKROOT; };
		652BAB88199D3CCA009F5F5A /* CIU-Info.plist */ = {isa = PBXFileReference; lastKnownFileType = text.plist.xml; path = "CIU-Info.plist"; sourceTree = "<group>"; };
		652BAB8A199D3CCA009F5F5A /* en */ = {isa = PBXFileReference; lastKnownFileType = text.plist.strings; name = en; path = en.lproj/InfoPlist.strings; sourceTree = "<group>"; };
		652BAB8C199D3CCA009F5F5A /* main.m */ = {isa = PBXFileReference; lastKnownFileType = sourcecode.c.objc; path = main.m; sourceTree = "<group>"; };
		652BAB8E199D3CCA009F5F5A /* CIU-Prefix.pch */ = {isa = PBXFileReference; lastKnownFileType = sourcecode.c.h; path = "CIU-Prefix.pch"; sourceTree = "<group>"; };
		652BAB8F199D3CCA009F5F5A /* AppDelegate.h */ = {isa = PBXFileReference; lastKnownFileType = sourcecode.c.h; path = AppDelegate.h; sourceTree = "<group>"; };
		652BAB90199D3CCA009F5F5A /* AppDelegate.m */ = {isa = PBXFileReference; lastKnownFileType = sourcecode.c.objc; path = AppDelegate.m; sourceTree = "<group>"; };
		652BAB93199D3CCA009F5F5A /* Base */ = {isa = PBXFileReference; lastKnownFileType = file.storyboard; name = Base; path = Base.lproj/Main.storyboard; sourceTree = "<group>"; };
		652BAB95199D3CCA009F5F5A /* ViewController.h */ = {isa = PBXFileReference; lastKnownFileType = sourcecode.c.h; path = ViewController.h; sourceTree = "<group>"; };
		652BAB96199D3CCA009F5F5A /* ViewController.m */ = {isa = PBXFileReference; lastKnownFileType = sourcecode.c.objc; path = ViewController.m; sourceTree = "<group>"; };
		652BAB98199D3CCA009F5F5A /* Images.xcassets */ = {isa = PBXFileReference; lastKnownFileType = folder.assetcatalog; path = Images.xcassets; sourceTree = "<group>"; };
		652BAB9E199D3CCA009F5F5A /* CIUTests.xctest */ = {isa = PBXFileReference; explicitFileType = wrapper.cfbundle; includeInIndex = 0; path = CIUTests.xctest; sourceTree = BUILT_PRODUCTS_DIR; };
		652BAB9F199D3CCA009F5F5A /* XCTest.framework */ = {isa = PBXFileReference; lastKnownFileType = wrapper.framework; name = XCTest.framework; path = Library/Frameworks/XCTest.framework; sourceTree = DEVELOPER_DIR; };
		652BABA7199D3CCA009F5F5A /* CIUTests-Info.plist */ = {isa = PBXFileReference; lastKnownFileType = text.plist.xml; path = "CIUTests-Info.plist"; sourceTree = "<group>"; };
		652BABA9199D3CCA009F5F5A /* en */ = {isa = PBXFileReference; lastKnownFileType = text.plist.strings; name = en; path = en.lproj/InfoPlist.strings; sourceTree = "<group>"; };
		652BABAB199D3CCA009F5F5A /* CIUTests.m */ = {isa = PBXFileReference; lastKnownFileType = sourcecode.c.objc; path = CIUTests.m; sourceTree = "<group>"; };
		652CF13619B1188500FE0AC0 /* CIUapp_icon.png */ = {isa = PBXFileReference; lastKnownFileType = image.png; path = CIUapp_icon.png; sourceTree = "<group>"; };
		6564F1F4199D422A00629B48 /* StartupViewController.h */ = {isa = PBXFileReference; fileEncoding = 4; lastKnownFileType = sourcecode.c.h; path = StartupViewController.h; sourceTree = "<group>"; };
		6564F1F5199D422A00629B48 /* StartupViewController.m */ = {isa = PBXFileReference; fileEncoding = 4; lastKnownFileType = sourcecode.c.objc; path = StartupViewController.m; sourceTree = "<group>"; };
		6564F1F7199D4CAF00629B48 /* TabbarController.h */ = {isa = PBXFileReference; fileEncoding = 4; lastKnownFileType = sourcecode.c.h; path = TabbarController.h; sourceTree = "<group>"; };
		6564F1F8199D4CAF00629B48 /* TabbarController.m */ = {isa = PBXFileReference; fileEncoding = 4; lastKnownFileType = sourcecode.c.objc; path = TabbarController.m; sourceTree = "<group>"; };
		6564F1FA199E3E8D00629B48 /* GenericTableViewController.h */ = {isa = PBXFileReference; fileEncoding = 4; lastKnownFileType = sourcecode.c.h; path = GenericTableViewController.h; sourceTree = "<group>"; };
		6564F1FB199E3E8D00629B48 /* GenericTableViewController.m */ = {isa = PBXFileReference; fileEncoding = 4; lastKnownFileType = sourcecode.c.objc; path = GenericTableViewController.m; sourceTree = "<group>"; };
		6564F24319A7835000629B48 /* MapKit.framework */ = {isa = PBXFileReference; lastKnownFileType = wrapper.framework; name = MapKit.framework; path = System/Library/Frameworks/MapKit.framework; sourceTree = SDKROOT; };
		6564F24519A78D1100629B48 /* LifestyleDetailViewController.h */ = {isa = PBXFileReference; fileEncoding = 4; lastKnownFileType = sourcecode.c.h; path = LifestyleDetailViewController.h; sourceTree = "<group>"; };
		6564F24619A78D1100629B48 /* LifestyleDetailViewController.m */ = {isa = PBXFileReference; fileEncoding = 4; lastKnownFileType = sourcecode.c.objc; path = LifestyleDetailViewController.m; sourceTree = "<group>"; };
		65C4F0B519AFB201004452C3 /* StatusViewController.h */ = {isa = PBXFileReference; fileEncoding = 4; lastKnownFileType = sourcecode.c.h; path = StatusViewController.h; sourceTree = "<group>"; };
		65C4F0B619AFB201004452C3 /* StatusViewController.m */ = {isa = PBXFileReference; fileEncoding = 4; lastKnownFileType = sourcecode.c.objc; path = StatusViewController.m; sourceTree = "<group>"; };
		65C4F0B819AFB21D004452C3 /* StatusTableViewCell.h */ = {isa = PBXFileReference; fileEncoding = 4; lastKnownFileType = sourcecode.c.h; path = StatusTableViewCell.h; sourceTree = "<group>"; };
		65C4F0B919AFB21D004452C3 /* StatusTableViewCell.m */ = {isa = PBXFileReference; fileEncoding = 4; lastKnownFileType = sourcecode.c.objc; path = StatusTableViewCell.m; sourceTree = "<group>"; };
		65C4F0BB19AFB240004452C3 /* default-user-icon-profile.png */ = {isa = PBXFileReference; lastKnownFileType = image.png; path = "default-user-icon-profile.png"; sourceTree = "<group>"; };
		65C4F0BD19AFB2B8004452C3 /* comment_icon.png */ = {isa = PBXFileReference; lastKnownFileType = image.png; path = comment_icon.png; sourceTree = "<group>"; };
		65C4F0C019AFB67C004452C3 /* ComposeNewStatusViewController.h */ = {isa = PBXFileReference; fileEncoding = 4; lastKnownFileType = sourcecode.c.h; path = ComposeNewStatusViewController.h; sourceTree = "<group>"; };
		65C4F0C119AFB67C004452C3 /* ComposeNewStatusViewController.m */ = {isa = PBXFileReference; fileEncoding = 4; lastKnownFileType = sourcecode.c.objc; path = ComposeNewStatusViewController.m; sourceTree = "<group>"; };
		65C4F0C319AFB6AE004452C3 /* camera.png */ = {isa = PBXFileReference; lastKnownFileType = image.png; path = camera.png; sourceTree = "<group>"; };
		65C4F0C519AFB792004452C3 /* CommentStatusViewController.h */ = {isa = PBXFileReference; fileEncoding = 4; lastKnownFileType = sourcecode.c.h; path = CommentStatusViewController.h; sourceTree = "<group>"; };
		65C4F0C619AFB792004452C3 /* CommentStatusViewController.m */ = {isa = PBXFileReference; fileEncoding = 4; lastKnownFileType = sourcecode.c.objc; path = CommentStatusViewController.m; sourceTree = "<group>"; };
		65C4F0D519AFBAFB004452C3 /* Status.h */ = {isa = PBXFileReference; fileEncoding = 4; lastKnownFileType = sourcecode.c.h; path = Status.h; sourceTree = "<group>"; };
		65C4F0D619AFBAFB004452C3 /* Status.m */ = {isa = PBXFileReference; fileEncoding = 4; lastKnownFileType = sourcecode.c.objc; path = Status.m; sourceTree = "<group>"; };
		65C4F0D819AFBB2B004452C3 /* ImageCollectionViewCell.h */ = {isa = PBXFileReference; fileEncoding = 4; lastKnownFileType = sourcecode.c.h; path = ImageCollectionViewCell.h; sourceTree = "<group>"; };
		65C4F0D919AFBB2B004452C3 /* ImageCollectionViewCell.m */ = {isa = PBXFileReference; fileEncoding = 4; lastKnownFileType = sourcecode.c.objc; path = ImageCollectionViewCell.m; sourceTree = "<group>"; };
		65C4F0DB19AFBB94004452C3 /* AvatarAndUsernameTableViewCell.h */ = {isa = PBXFileReference; fileEncoding = 4; lastKnownFileType = sourcecode.c.h; path = AvatarAndUsernameTableViewCell.h; sourceTree = "<group>"; };
		65C4F0DC19AFBB94004452C3 /* AvatarAndUsernameTableViewCell.m */ = {isa = PBXFileReference; fileEncoding = 4; lastKnownFileType = sourcecode.c.objc; path = AvatarAndUsernameTableViewCell.m; sourceTree = "<group>"; };
		65C4F0DE19AFBBA8004452C3 /* LoadingTableViewCell.h */ = {isa = PBXFileReference; fileEncoding = 4; lastKnownFileType = sourcecode.c.h; path = LoadingTableViewCell.h; sourceTree = "<group>"; };
		65C4F0DF19AFBBA8004452C3 /* LoadingTableViewCell.m */ = {isa = PBXFileReference; fileEncoding = 4; lastKnownFileType = sourcecode.c.objc; path = LoadingTableViewCell.m; sourceTree = "<group>"; };
		65C4F0E119AFBBB9004452C3 /* UITextView+Utilities.h */ = {isa = PBXFileReference; fileEncoding = 4; lastKnownFileType = sourcecode.c.h; path = "UITextView+Utilities.h"; sourceTree = "<group>"; };
		65C4F0E219AFBBB9004452C3 /* UITextView+Utilities.m */ = {isa = PBXFileReference; fileEncoding = 4; lastKnownFileType = sourcecode.c.objc; path = "UITextView+Utilities.m"; sourceTree = "<group>"; };
		65C4F0E419AFBBD8004452C3 /* ComposeStatusPhotoCollectionViewCell.h */ = {isa = PBXFileReference; fileEncoding = 4; lastKnownFileType = sourcecode.c.h; path = ComposeStatusPhotoCollectionViewCell.h; sourceTree = "<group>"; };
		65C4F0E519AFBBD8004452C3 /* ComposeStatusPhotoCollectionViewCell.m */ = {isa = PBXFileReference; fileEncoding = 4; lastKnownFileType = sourcecode.c.objc; path = ComposeStatusPhotoCollectionViewCell.m; sourceTree = "<group>"; };
		65C4F0E819AFBBEA004452C3 /* ELCAlbumPickerController.h */ = {isa = PBXFileReference; fileEncoding = 4; lastKnownFileType = sourcecode.c.h; path = ELCAlbumPickerController.h; sourceTree = "<group>"; };
		65C4F0E919AFBBEA004452C3 /* ELCAlbumPickerController.m */ = {isa = PBXFileReference; fileEncoding = 4; lastKnownFileType = sourcecode.c.objc; path = ELCAlbumPickerController.m; sourceTree = "<group>"; };
		65C4F0EA19AFBBEA004452C3 /* ELCAsset.h */ = {isa = PBXFileReference; fileEncoding = 4; lastKnownFileType = sourcecode.c.h; path = ELCAsset.h; sourceTree = "<group>"; };
		65C4F0EB19AFBBEA004452C3 /* ELCAsset.m */ = {isa = PBXFileReference; fileEncoding = 4; lastKnownFileType = sourcecode.c.objc; path = ELCAsset.m; sourceTree = "<group>"; };
		65C4F0EC19AFBBEA004452C3 /* ELCAssetCell.h */ = {isa = PBXFileReference; fileEncoding = 4; lastKnownFileType = sourcecode.c.h; path = ELCAssetCell.h; sourceTree = "<group>"; };
		65C4F0ED19AFBBEA004452C3 /* ELCAssetCell.m */ = {isa = PBXFileReference; fileEncoding = 4; lastKnownFileType = sourcecode.c.objc; path = ELCAssetCell.m; sourceTree = "<group>"; };
		65C4F0EE19AFBBEA004452C3 /* ELCAssetPickerFilterDelegate.h */ = {isa = PBXFileReference; fileEncoding = 4; lastKnownFileType = sourcecode.c.h; path = ELCAssetPickerFilterDelegate.h; sourceTree = "<group>"; };
		65C4F0EF19AFBBEA004452C3 /* ELCAssetSelectionDelegate.h */ = {isa = PBXFileReference; fileEncoding = 4; lastKnownFileType = sourcecode.c.h; path = ELCAssetSelectionDelegate.h; sourceTree = "<group>"; };
		65C4F0F019AFBBEA004452C3 /* ELCAssetTablePicker.h */ = {isa = PBXFileReference; fileEncoding = 4; lastKnownFileType = sourcecode.c.h; path = ELCAssetTablePicker.h; sourceTree = "<group>"; };
		65C4F0F119AFBBEA004452C3 /* ELCAssetTablePicker.m */ = {isa = PBXFileReference; fileEncoding = 4; lastKnownFileType = sourcecode.c.objc; path = ELCAssetTablePicker.m; sourceTree = "<group>"; };
		65C4F0F219AFBBEA004452C3 /* ELCImagePickerController.h */ = {isa = PBXFileReference; fileEncoding = 4; lastKnownFileType = sourcecode.c.h; path = ELCImagePickerController.h; sourceTree = "<group>"; };
		65C4F0F319AFBBEA004452C3 /* ELCImagePickerController.m */ = {isa = PBXFileReference; fileEncoding = 4; lastKnownFileType = sourcecode.c.objc; path = ELCImagePickerController.m; sourceTree = "<group>"; };
		65C4F0F519AFBBEA004452C3 /* ELCAlbumPickerController.xib */ = {isa = PBXFileReference; fileEncoding = 4; lastKnownFileType = file.xib; path = ELCAlbumPickerController.xib; sourceTree = "<group>"; };
		65C4F0F619AFBBEA004452C3 /* ELCAssetPicker.xib */ = {isa = PBXFileReference; fileEncoding = 4; lastKnownFileType = file.xib; path = ELCAssetPicker.xib; sourceTree = "<group>"; };
		65C4F0F719AFBBEA004452C3 /* ELCAssetTablePicker.xib */ = {isa = PBXFileReference; fileEncoding = 4; lastKnownFileType = file.xib; path = ELCAssetTablePicker.xib; sourceTree = "<group>"; };
		65C4F0F819AFBBEA004452C3 /* Overlay.png */ = {isa = PBXFileReference; lastKnownFileType = image.png; path = Overlay.png; sourceTree = "<group>"; };
		65C4F0F919AFBBEA004452C3 /* Overlay@2x.png */ = {isa = PBXFileReference; lastKnownFileType = image.png; path = "Overlay@2x.png"; sourceTree = "<group>"; };
		65C4F10419AFBC07004452C3 /* StatusObject.h */ = {isa = PBXFileReference; fileEncoding = 4; lastKnownFileType = sourcecode.c.h; path = StatusObject.h; sourceTree = "<group>"; };
		65C4F10519AFBC07004452C3 /* StatusObject.m */ = {isa = PBXFileReference; fileEncoding = 4; lastKnownFileType = sourcecode.c.objc; path = StatusObject.m; sourceTree = "<group>"; };
		65C4F10719AFBC63004452C3 /* BaseViewControllerWithStatusTableView.h */ = {isa = PBXFileReference; fileEncoding = 4; lastKnownFileType = sourcecode.c.h; path = BaseViewControllerWithStatusTableView.h; sourceTree = "<group>"; };
		65C4F10819AFBC63004452C3 /* BaseViewControllerWithStatusTableView.m */ = {isa = PBXFileReference; fileEncoding = 4; lastKnownFileType = sourcecode.c.objc; path = BaseViewControllerWithStatusTableView.m; sourceTree = "<group>"; };
		65C4F10A19AFBC7E004452C3 /* SpinnerImageView.h */ = {isa = PBXFileReference; fileEncoding = 4; lastKnownFileType = sourcecode.c.h; path = SpinnerImageView.h; sourceTree = "<group>"; };
		65C4F10B19AFBC7E004452C3 /* SpinnerImageView.m */ = {isa = PBXFileReference; fileEncoding = 4; lastKnownFileType = sourcecode.c.objc; path = SpinnerImageView.m; sourceTree = "<group>"; };
		65C4F10D19AFBD21004452C3 /* LogInViewController.h */ = {isa = PBXFileReference; fileEncoding = 4; lastKnownFileType = sourcecode.c.h; path = LogInViewController.h; sourceTree = "<group>"; };
		65C4F10E19AFBD21004452C3 /* LogInViewController.m */ = {isa = PBXFileReference; fileEncoding = 4; lastKnownFileType = sourcecode.c.objc; path = LogInViewController.m; sourceTree = "<group>"; };
		65C4F11019AFBD53004452C3 /* SignUpViewController.h */ = {isa = PBXFileReference; fileEncoding = 4; lastKnownFileType = sourcecode.c.h; path = SignUpViewController.h; sourceTree = "<group>"; };
		65C4F11119AFBD53004452C3 /* SignUpViewController.m */ = {isa = PBXFileReference; fileEncoding = 4; lastKnownFileType = sourcecode.c.objc; path = SignUpViewController.m; sourceTree = "<group>"; };
/* End PBXFileReference section */

/* Begin PBXFrameworksBuildPhase section */
		652BAB7A199D3CCA009F5F5A /* Frameworks */ = {
			isa = PBXFrameworksBuildPhase;
			buildActionMask = 2147483647;
			files = (
				6564F24419A7835000629B48 /* MapKit.framework in Frameworks */,
				5040548819A6CFB40050853A /* StoreKit.framework in Frameworks */,
				5040548619A6CFAE0050853A /* QuartzCore.framework in Frameworks */,
				5040548419A6CFAA0050853A /* MobileCoreServices.framework in Frameworks */,
				5040548219A6CFA50050853A /* libz.dylib in Frameworks */,
				5040548019A6CF9F0050853A /* CoreLocation.framework in Frameworks */,
				652BAB83199D3CCA009F5F5A /* CoreGraphics.framework in Frameworks */,
				5040547E19A6CF960050853A /* CFNetwork.framework in Frameworks */,
				5040547C19A6CF900050853A /* AudioToolbox.framework in Frameworks */,
				5040547A19A6CF690050853A /* Security.framework in Frameworks */,
				5040547819A6CF610050853A /* SystemConfiguration.framework in Frameworks */,
				501A5E5819A579D10050BFA6 /* CoreData.framework in Frameworks */,
				652BAB85199D3CCA009F5F5A /* UIKit.framework in Frameworks */,
				652BAB81199D3CCA009F5F5A /* Foundation.framework in Frameworks */,
				501A5E7319A6CE610050BFA6 /* Parse.framework in Frameworks */,
			);
			runOnlyForDeploymentPostprocessing = 0;
		};
		652BAB9B199D3CCA009F5F5A /* Frameworks */ = {
			isa = PBXFrameworksBuildPhase;
			buildActionMask = 2147483647;
			files = (
				652BABA0199D3CCA009F5F5A /* XCTest.framework in Frameworks */,
				652BABA2199D3CCA009F5F5A /* UIKit.framework in Frameworks */,
				652BABA1199D3CCA009F5F5A /* Foundation.framework in Frameworks */,
			);
			runOnlyForDeploymentPostprocessing = 0;
		};
/* End PBXFrameworksBuildPhase section */

/* Begin PBXGroup section */
		501A5E4C19A5755E0050BFA6 /* Lifestyle */ = {
			isa = PBXGroup;
			children = (
				501A5E4D19A5756D0050BFA6 /* LifestyleTableViewController.h */,
				501A5E4E19A5756D0050BFA6 /* LifestyleTableViewController.m */,
				6564F24519A78D1100629B48 /* LifestyleDetailViewController.h */,
				6564F24619A78D1100629B48 /* LifestyleDetailViewController.m */,
				5092160C19AA463700304EDD /* LifestyleObjectDetailTableViewController.h */,
				5092160D19AA463700304EDD /* LifestyleObjectDetailTableViewController.m */,
			);
			name = Lifestyle;
			sourceTree = "<group>";
		};
		501A5E6519A5839E0050BFA6 /* Category */ = {
			isa = PBXGroup;
			children = (
				501A5E6619A583B10050BFA6 /* LifestyleCategory+Utilities.h */,
				501A5E6719A583B10050BFA6 /* LifestyleCategory+Utilities.m */,
			);
			name = Category;
			sourceTree = "<group>";
		};
		5092160F19AA479B00304EDD /* Classes */ = {
			isa = PBXGroup;
			children = (
				65C4F10A19AFBC7E004452C3 /* SpinnerImageView.h */,
				65C4F10B19AFBC7E004452C3 /* SpinnerImageView.m */,
				65C4F0B819AFB21D004452C3 /* StatusTableViewCell.h */,
				65C4F0B919AFB21D004452C3 /* StatusTableViewCell.m */,
				50F5F6F919AEAA0000DC9735 /* Reachability.h */,
				50F5F6FA19AEAA0000DC9735 /* Reachability.m */,
				6564F1FA199E3E8D00629B48 /* GenericTableViewController.h */,
				6564F1FB199E3E8D00629B48 /* GenericTableViewController.m */,
				50B83F9819A97A90007BE9F7 /* CustomMKPointAnnotation.h */,
				50B83F9919A97A90007BE9F7 /* CustomMKPointAnnotation.m */,
				5092160919AA45AD00304EDD /* GenericTableViewCell.h */,
				5092160A19AA45AD00304EDD /* GenericTableViewCell.m */,
				501A5E6D19A6B1F40050BFA6 /* FPLogger.m */,
				501A5E6C19A6B1D80050BFA6 /* FPLogger.h */,
				501A5E6F19A6CBE00050BFA6 /* Helper.h */,
				501A5E7019A6CBE00050BFA6 /* Helper.m */,
				501A5E6919A6B10D0050BFA6 /* Query.h */,
				501A5E6A19A6B10D0050BFA6 /* Query.m */,
			);
			name = Classes;
			sourceTree = "<group>";
		};
		50B28C5019A8FA2100398BA4 /* Category */ = {
			isa = PBXGroup;
			children = (
				50B28C5119A8FA3000398BA4 /* NSString+Map.h */,
				50B28C5219A8FA3000398BA4 /* NSString+Map.m */,
				50B28C5419A90ACB00398BA4 /* PFQuery+Utilities.h */,
				50B28C5519A90ACB00398BA4 /* PFQuery+Utilities.m */,
				50C2FBE419A92701009395A0 /* NSPredicate+Utilities.h */,
				50C2FBE519A92701009395A0 /* NSPredicate+Utilities.m */,
				50B83F9519A96A42007BE9F7 /* LifestyleObject+Utilities.h */,
				50B83F9619A96A42007BE9F7 /* LifestyleObject+Utilities.m */,
			);
			name = Category;
			sourceTree = "<group>";
		};
		652BAB74199D3CCA009F5F5A = {
			isa = PBXGroup;
			children = (
				652CF13619B1188500FE0AC0 /* CIUapp_icon.png */,
				65C4F0BD19AFB2B8004452C3 /* comment_icon.png */,
				65C4F0BB19AFB240004452C3 /* default-user-icon-profile.png */,
				50B28C4E19A8EFB700398BA4 /* royalOak.gpx */,
				652BAB86199D3CCA009F5F5A /* CIU */,
				652BABA5199D3CCA009F5F5A /* CIUTests */,
				652BAB7F199D3CCA009F5F5A /* Frameworks */,
				652BAB7E199D3CCA009F5F5A /* Products */,
			);
			sourceTree = "<group>";
		};
		652BAB7E199D3CCA009F5F5A /* Products */ = {
			isa = PBXGroup;
			children = (
				652BAB7D199D3CCA009F5F5A /* CIU.app */,
				652BAB9E199D3CCA009F5F5A /* CIUTests.xctest */,
			);
			name = Products;
			sourceTree = "<group>";
		};
		652BAB7F199D3CCA009F5F5A /* Frameworks */ = {
			isa = PBXGroup;
			children = (
				6564F24319A7835000629B48 /* MapKit.framework */,
				5040548719A6CFB40050853A /* StoreKit.framework */,
				5040548519A6CFAE0050853A /* QuartzCore.framework */,
				5040548319A6CFAA0050853A /* MobileCoreServices.framework */,
				5040548119A6CFA50050853A /* libz.dylib */,
				5040547F19A6CF9F0050853A /* CoreLocation.framework */,
				5040547D19A6CF960050853A /* CFNetwork.framework */,
				5040547B19A6CF900050853A /* AudioToolbox.framework */,
				5040547919A6CF690050853A /* Security.framework */,
				5040547719A6CF610050853A /* SystemConfiguration.framework */,
				501A5E7219A6CE610050BFA6 /* Parse.framework */,
				501A5E5719A579D10050BFA6 /* CoreData.framework */,
				501A5E5019A578A00050BFA6 /* bundle1.o */,
				652BAB80199D3CCA009F5F5A /* Foundation.framework */,
				652BAB82199D3CCA009F5F5A /* CoreGraphics.framework */,
				652BAB84199D3CCA009F5F5A /* UIKit.framework */,
				652BAB9F199D3CCA009F5F5A /* XCTest.framework */,
			);
			name = Frameworks;
			sourceTree = "<group>";
		};
		652BAB86199D3CCA009F5F5A /* CIU */ = {
			isa = PBXGroup;
			children = (
				65C4F0E719AFBBEA004452C3 /* ELCImagePicker */,
				65C4F0B419AFB1EC004452C3 /* Status */,
				5092160F19AA479B00304EDD /* Classes */,
				50B28C5019A8FA2100398BA4 /* Category */,
				501A5E6519A5839E0050BFA6 /* Category */,
				501A5E5919A57B4D0050BFA6 /* SharedDataManager.h */,
				501A5E5A19A57B4D0050BFA6 /* SharedDataManager.m */,
				501A5E4C19A5755E0050BFA6 /* Lifestyle */,
				652BAB8F199D3CCA009F5F5A /* AppDelegate.h */,
				652BAB90199D3CCA009F5F5A /* AppDelegate.m */,
				652BAB92199D3CCA009F5F5A /* Main.storyboard */,
				652BAB95199D3CCA009F5F5A /* ViewController.h */,
				652BAB96199D3CCA009F5F5A /* ViewController.m */,
				652BAB98199D3CCA009F5F5A /* Images.xcassets */,
				652BAB87199D3CCA009F5F5A /* Supporting Files */,
				6564F1F4199D422A00629B48 /* StartupViewController.h */,
				6564F1F5199D422A00629B48 /* StartupViewController.m */,
				6564F1F7199D4CAF00629B48 /* TabbarController.h */,
				6564F1F8199D4CAF00629B48 /* TabbarController.m */,
				501A5E6219A57D800050BFA6 /* LifestyleCategory.h */,
				501A5E6319A57D800050BFA6 /* LifestyleCategory.m */,
				5092161319AA58E900304EDD /* LifestyleObject.h */,
				5092161419AA58E900304EDD /* LifestyleObject.m */,
				501A5E5419A579C70050BFA6 /* Model.xcdatamodeld */,
				65C4F10419AFBC07004452C3 /* StatusObject.h */,
				65C4F10519AFBC07004452C3 /* StatusObject.m */,
			);
			path = CIU;
			sourceTree = "<group>";
		};
		652BAB87199D3CCA009F5F5A /* Supporting Files */ = {
			isa = PBXGroup;
			children = (
				652BAB88199D3CCA009F5F5A /* CIU-Info.plist */,
				652BAB89199D3CCA009F5F5A /* InfoPlist.strings */,
				652BAB8C199D3CCA009F5F5A /* main.m */,
				652BAB8E199D3CCA009F5F5A /* CIU-Prefix.pch */,
			);
			name = "Supporting Files";
			sourceTree = "<group>";
		};
		652BABA5199D3CCA009F5F5A /* CIUTests */ = {
			isa = PBXGroup;
			children = (
				652BABAB199D3CCA009F5F5A /* CIUTests.m */,
				652BABA6199D3CCA009F5F5A /* Supporting Files */,
			);
			path = CIUTests;
			sourceTree = "<group>";
		};
		652BABA6199D3CCA009F5F5A /* Supporting Files */ = {
			isa = PBXGroup;
			children = (
				652BABA7199D3CCA009F5F5A /* CIUTests-Info.plist */,
				652BABA8199D3CCA009F5F5A /* InfoPlist.strings */,
			);
			name = "Supporting Files";
			sourceTree = "<group>";
		};
		65C4F0B419AFB1EC004452C3 /* Status */ = {
			isa = PBXGroup;
			children = (
				65C4F11019AFBD53004452C3 /* SignUpViewController.h */,
				65C4F11119AFBD53004452C3 /* SignUpViewController.m */,
				65C4F10D19AFBD21004452C3 /* LogInViewController.h */,
				65C4F10E19AFBD21004452C3 /* LogInViewController.m */,
				65C4F10719AFBC63004452C3 /* BaseViewControllerWithStatusTableView.h */,
				65C4F10819AFBC63004452C3 /* BaseViewControllerWithStatusTableView.m */,
				65C4F0E419AFBBD8004452C3 /* ComposeStatusPhotoCollectionViewCell.h */,
				65C4F0E519AFBBD8004452C3 /* ComposeStatusPhotoCollectionViewCell.m */,
				65C4F0E119AFBBB9004452C3 /* UITextView+Utilities.h */,
				65C4F0E219AFBBB9004452C3 /* UITextView+Utilities.m */,
				65C4F0DE19AFBBA8004452C3 /* LoadingTableViewCell.h */,
				65C4F0DF19AFBBA8004452C3 /* LoadingTableViewCell.m */,
				65C4F0DB19AFBB94004452C3 /* AvatarAndUsernameTableViewCell.h */,
				65C4F0DC19AFBB94004452C3 /* AvatarAndUsernameTableViewCell.m */,
				65C4F0D819AFBB2B004452C3 /* ImageCollectionViewCell.h */,
				65C4F0D919AFBB2B004452C3 /* ImageCollectionViewCell.m */,
				65C4F0D519AFBAFB004452C3 /* Status.h */,
				65C4F0D619AFBAFB004452C3 /* Status.m */,
				65C4F0C519AFB792004452C3 /* CommentStatusViewController.h */,
				65C4F0C619AFB792004452C3 /* CommentStatusViewController.m */,
				65C4F0C319AFB6AE004452C3 /* camera.png */,
				65C4F0C019AFB67C004452C3 /* ComposeNewStatusViewController.h */,
				65C4F0C119AFB67C004452C3 /* ComposeNewStatusViewController.m */,
				65C4F0B519AFB201004452C3 /* StatusViewController.h */,
				65C4F0B619AFB201004452C3 /* StatusViewController.m */,
			);
			name = Status;
			sourceTree = "<group>";
		};
		65C4F0E719AFBBEA004452C3 /* ELCImagePicker */ = {
			isa = PBXGroup;
			children = (
				65C4F0E819AFBBEA004452C3 /* ELCAlbumPickerController.h */,
				65C4F0E919AFBBEA004452C3 /* ELCAlbumPickerController.m */,
				65C4F0EA19AFBBEA004452C3 /* ELCAsset.h */,
				65C4F0EB19AFBBEA004452C3 /* ELCAsset.m */,
				65C4F0EC19AFBBEA004452C3 /* ELCAssetCell.h */,
				65C4F0ED19AFBBEA004452C3 /* ELCAssetCell.m */,
				65C4F0EE19AFBBEA004452C3 /* ELCAssetPickerFilterDelegate.h */,
				65C4F0EF19AFBBEA004452C3 /* ELCAssetSelectionDelegate.h */,
				65C4F0F019AFBBEA004452C3 /* ELCAssetTablePicker.h */,
				65C4F0F119AFBBEA004452C3 /* ELCAssetTablePicker.m */,
				65C4F0F219AFBBEA004452C3 /* ELCImagePickerController.h */,
				65C4F0F319AFBBEA004452C3 /* ELCImagePickerController.m */,
				65C4F0F419AFBBEA004452C3 /* Resources */,
			);
			path = ELCImagePicker;
			sourceTree = "<group>";
		};
		65C4F0F419AFBBEA004452C3 /* Resources */ = {
			isa = PBXGroup;
			children = (
				65C4F0F519AFBBEA004452C3 /* ELCAlbumPickerController.xib */,
				65C4F0F619AFBBEA004452C3 /* ELCAssetPicker.xib */,
				65C4F0F719AFBBEA004452C3 /* ELCAssetTablePicker.xib */,
				65C4F0F819AFBBEA004452C3 /* Overlay.png */,
				65C4F0F919AFBBEA004452C3 /* Overlay@2x.png */,
			);
			path = Resources;
			sourceTree = "<group>";
		};
/* End PBXGroup section */

/* Begin PBXNativeTarget section */
		652BAB7C199D3CCA009F5F5A /* CIU */ = {
			isa = PBXNativeTarget;
			buildConfigurationList = 652BABAF199D3CCA009F5F5A /* Build configuration list for PBXNativeTarget "CIU" */;
			buildPhases = (
				652BAB79199D3CCA009F5F5A /* Sources */,
				652BAB7A199D3CCA009F5F5A /* Frameworks */,
				652BAB7B199D3CCA009F5F5A /* Resources */,
			);
			buildRules = (
			);
			dependencies = (
			);
			name = CIU;
			productName = CIU;
			productReference = 652BAB7D199D3CCA009F5F5A /* CIU.app */;
			productType = "com.apple.product-type.application";
		};
		652BAB9D199D3CCA009F5F5A /* CIUTests */ = {
			isa = PBXNativeTarget;
			buildConfigurationList = 652BABB2199D3CCA009F5F5A /* Build configuration list for PBXNativeTarget "CIUTests" */;
			buildPhases = (
				652BAB9A199D3CCA009F5F5A /* Sources */,
				652BAB9B199D3CCA009F5F5A /* Frameworks */,
				652BAB9C199D3CCA009F5F5A /* Resources */,
			);
			buildRules = (
			);
			dependencies = (
				652BABA4199D3CCA009F5F5A /* PBXTargetDependency */,
			);
			name = CIUTests;
			productName = CIUTests;
			productReference = 652BAB9E199D3CCA009F5F5A /* CIUTests.xctest */;
			productType = "com.apple.product-type.bundle.unit-test";
		};
/* End PBXNativeTarget section */

/* Begin PBXProject section */
		652BAB75199D3CCA009F5F5A /* Project object */ = {
			isa = PBXProject;
			attributes = {
				LastUpgradeCheck = 0510;
				ORGANIZATIONNAME = "Huang, Jason";
				TargetAttributes = {
					652BAB9D199D3CCA009F5F5A = {
						TestTargetID = 652BAB7C199D3CCA009F5F5A;
					};
				};
			};
			buildConfigurationList = 652BAB78199D3CCA009F5F5A /* Build configuration list for PBXProject "CIU" */;
			compatibilityVersion = "Xcode 3.2";
			developmentRegion = English;
			hasScannedForEncodings = 0;
			knownRegions = (
				en,
				Base,
			);
			mainGroup = 652BAB74199D3CCA009F5F5A;
			productRefGroup = 652BAB7E199D3CCA009F5F5A /* Products */;
			projectDirPath = "";
			projectRoot = "";
			targets = (
				652BAB7C199D3CCA009F5F5A /* CIU */,
				652BAB9D199D3CCA009F5F5A /* CIUTests */,
			);
		};
/* End PBXProject section */

/* Begin PBXResourcesBuildPhase section */
		652BAB7B199D3CCA009F5F5A /* Resources */ = {
			isa = PBXResourcesBuildPhase;
			buildActionMask = 2147483647;
			files = (
				652BAB99199D3CCA009F5F5A /* Images.xcassets in Resources */,
				65C4F0C419AFB6AE004452C3 /* camera.png in Resources */,
				65C4F10119AFBBEA004452C3 /* ELCAssetTablePicker.xib in Resources */,
				65C4F0BC19AFB240004452C3 /* default-user-icon-profile.png in Resources */,
				65C4F10219AFBBEA004452C3 /* Overlay.png in Resources */,
				65C4F10319AFBBEA004452C3 /* Overlay@2x.png in Resources */,
				652BAB8B199D3CCA009F5F5A /* InfoPlist.strings in Resources */,
				65C4F0FF19AFBBEA004452C3 /* ELCAlbumPickerController.xib in Resources */,
				652BAB94199D3CCA009F5F5A /* Main.storyboard in Resources */,
				65C4F10019AFBBEA004452C3 /* ELCAssetPicker.xib in Resources */,
				65C4F0BE19AFB2B8004452C3 /* comment_icon.png in Resources */,
				50B28C4F19A8EFB700398BA4 /* royalOak.gpx in Resources */,
				652CF13719B1188500FE0AC0 /* CIUapp_icon.png in Resources */,
			);
			runOnlyForDeploymentPostprocessing = 0;
		};
		652BAB9C199D3CCA009F5F5A /* Resources */ = {
			isa = PBXResourcesBuildPhase;
			buildActionMask = 2147483647;
			files = (
				652BABAA199D3CCA009F5F5A /* InfoPlist.strings in Resources */,
			);
			runOnlyForDeploymentPostprocessing = 0;
		};
/* End PBXResourcesBuildPhase section */

/* Begin PBXSourcesBuildPhase section */
		652BAB79199D3CCA009F5F5A /* Sources */ = {
			isa = PBXSourcesBuildPhase;
			buildActionMask = 2147483647;
			files = (
				6564F1F6199D422A00629B48 /* StartupViewController.m in Sources */,
				65C4F0FB19AFBBEA004452C3 /* ELCAsset.m in Sources */,
				65C4F10919AFBC63004452C3 /* BaseViewControllerWithStatusTableView.m in Sources */,
				50C2FBE619A92701009395A0 /* NSPredicate+Utilities.m in Sources */,
				65C4F0C719AFB792004452C3 /* CommentStatusViewController.m in Sources */,
				65C4F10619AFBC07004452C3 /* StatusObject.m in Sources */,
				652BAB97199D3CCA009F5F5A /* ViewController.m in Sources */,
				652BAB91199D3CCA009F5F5A /* AppDelegate.m in Sources */,
				65C4F0FD19AFBBEA004452C3 /* ELCAssetTablePicker.m in Sources */,
				5092160E19AA463700304EDD /* LifestyleObjectDetailTableViewController.m in Sources */,
				65C4F0FE19AFBBEA004452C3 /* ELCImagePickerController.m in Sources */,
				501A5E5619A579C70050BFA6 /* Model.xcdatamodeld in Sources */,
				65C4F10C19AFBC7E004452C3 /* SpinnerImageView.m in Sources */,
				6564F1FC199E3E8D00629B48 /* GenericTableViewController.m in Sources */,
				501A5E6419A57D800050BFA6 /* LifestyleCategory.m in Sources */,
				6564F1F9199D4CAF00629B48 /* TabbarController.m in Sources */,
				65C4F0B719AFB201004452C3 /* StatusViewController.m in Sources */,
				501A5E6B19A6B10D0050BFA6 /* Query.m in Sources */,
				50F5F6FB19AEAA0000DC9735 /* Reachability.m in Sources */,
				65C4F0C219AFB67C004452C3 /* ComposeNewStatusViewController.m in Sources */,
				501A5E6819A583B10050BFA6 /* LifestyleCategory+Utilities.m in Sources */,
				65C4F0FC19AFBBEA004452C3 /* ELCAssetCell.m in Sources */,
				65C4F0FA19AFBBEA004452C3 /* ELCAlbumPickerController.m in Sources */,
				65C4F0DD19AFBB94004452C3 /* AvatarAndUsernameTableViewCell.m in Sources */,
				65C4F0E619AFBBD8004452C3 /* ComposeStatusPhotoCollectionViewCell.m in Sources */,
				50B83F9A19A97A90007BE9F7 /* CustomMKPointAnnotation.m in Sources */,
				6564F24719A78D1100629B48 /* LifestyleDetailViewController.m in Sources */,
				65C4F0E019AFBBA8004452C3 /* LoadingTableViewCell.m in Sources */,
				65C4F0D719AFBAFB004452C3 /* Status.m in Sources */,
				50B28C5319A8FA3000398BA4 /* NSString+Map.m in Sources */,
				5092160B19AA45AD00304EDD /* GenericTableViewCell.m in Sources */,
				65C4F0E319AFBBB9004452C3 /* UITextView+Utilities.m in Sources */,
				501A5E6E19A6B1F40050BFA6 /* FPLogger.m in Sources */,
				50B83F9719A96A42007BE9F7 /* LifestyleObject+Utilities.m in Sources */,
				65C4F0DA19AFBB2B004452C3 /* ImageCollectionViewCell.m in Sources */,
				65C4F10F19AFBD21004452C3 /* LogInViewController.m in Sources */,
				65C4F0BA19AFB21D004452C3 /* StatusTableViewCell.m in Sources */,
				5092161519AA58E900304EDD /* LifestyleObject.m in Sources */,
				501A5E4F19A5756D0050BFA6 /* LifestyleTableViewController.m in Sources */,
				501A5E7119A6CBE00050BFA6 /* Helper.m in Sources */,
				501A5E5B19A57B4D0050BFA6 /* SharedDataManager.m in Sources */,
				652BAB8D199D3CCA009F5F5A /* main.m in Sources */,
				65C4F11219AFBD53004452C3 /* SignUpViewController.m in Sources */,
				50B28C5619A90ACB00398BA4 /* PFQuery+Utilities.m in Sources */,
			);
			runOnlyForDeploymentPostprocessing = 0;
		};
		652BAB9A199D3CCA009F5F5A /* Sources */ = {
			isa = PBXSourcesBuildPhase;
			buildActionMask = 2147483647;
			files = (
				652BABAC199D3CCA009F5F5A /* CIUTests.m in Sources */,
			);
			runOnlyForDeploymentPostprocessing = 0;
		};
/* End PBXSourcesBuildPhase section */

/* Begin PBXTargetDependency section */
		652BABA4199D3CCA009F5F5A /* PBXTargetDependency */ = {
			isa = PBXTargetDependency;
			target = 652BAB7C199D3CCA009F5F5A /* CIU */;
			targetProxy = 652BABA3199D3CCA009F5F5A /* PBXContainerItemProxy */;
		};
/* End PBXTargetDependency section */

/* Begin PBXVariantGroup section */
		652BAB89199D3CCA009F5F5A /* InfoPlist.strings */ = {
			isa = PBXVariantGroup;
			children = (
				652BAB8A199D3CCA009F5F5A /* en */,
			);
			name = InfoPlist.strings;
			sourceTree = "<group>";
		};
		652BAB92199D3CCA009F5F5A /* Main.storyboard */ = {
			isa = PBXVariantGroup;
			children = (
				652BAB93199D3CCA009F5F5A /* Base */,
			);
			name = Main.storyboard;
			sourceTree = "<group>";
		};
		652BABA8199D3CCA009F5F5A /* InfoPlist.strings */ = {
			isa = PBXVariantGroup;
			children = (
				652BABA9199D3CCA009F5F5A /* en */,
			);
			name = InfoPlist.strings;
			sourceTree = "<group>";
		};
/* End PBXVariantGroup section */

/* Begin XCBuildConfiguration section */
		652BABAD199D3CCA009F5F5A /* Debug */ = {
			isa = XCBuildConfiguration;
			buildSettings = {
				ALWAYS_SEARCH_USER_PATHS = NO;
				CLANG_CXX_LANGUAGE_STANDARD = "gnu++0x";
				CLANG_CXX_LIBRARY = "libc++";
				CLANG_ENABLE_MODULES = YES;
				CLANG_ENABLE_OBJC_ARC = YES;
				CLANG_WARN_BOOL_CONVERSION = YES;
				CLANG_WARN_CONSTANT_CONVERSION = YES;
				CLANG_WARN_DIRECT_OBJC_ISA_USAGE = YES_ERROR;
				CLANG_WARN_EMPTY_BODY = YES;
				CLANG_WARN_ENUM_CONVERSION = YES;
				CLANG_WARN_INT_CONVERSION = YES;
				CLANG_WARN_OBJC_ROOT_CLASS = YES_ERROR;
				CLANG_WARN__DUPLICATE_METHOD_MATCH = YES;
				"CODE_SIGN_IDENTITY[sdk=iphoneos*]" = "iPhone Developer";
				COPY_PHASE_STRIP = NO;
				GCC_C_LANGUAGE_STANDARD = gnu99;
				GCC_DYNAMIC_NO_PIC = NO;
				GCC_OPTIMIZATION_LEVEL = 0;
				GCC_PREPROCESSOR_DEFINITIONS = (
					"DEBUG=1",
					"$(inherited)",
				);
				GCC_SYMBOLS_PRIVATE_EXTERN = NO;
				GCC_WARN_64_TO_32_BIT_CONVERSION = YES;
				GCC_WARN_ABOUT_RETURN_TYPE = YES_ERROR;
				GCC_WARN_UNDECLARED_SELECTOR = YES;
				GCC_WARN_UNINITIALIZED_AUTOS = YES_AGGRESSIVE;
				GCC_WARN_UNUSED_FUNCTION = YES;
				GCC_WARN_UNUSED_VARIABLE = YES;
				IPHONEOS_DEPLOYMENT_TARGET = 7.1;
				ONLY_ACTIVE_ARCH = YES;
				SDKROOT = iphoneos;
			};
			name = Debug;
		};
		652BABAE199D3CCA009F5F5A /* Release */ = {
			isa = XCBuildConfiguration;
			buildSettings = {
				ALWAYS_SEARCH_USER_PATHS = NO;
				CLANG_CXX_LANGUAGE_STANDARD = "gnu++0x";
				CLANG_CXX_LIBRARY = "libc++";
				CLANG_ENABLE_MODULES = YES;
				CLANG_ENABLE_OBJC_ARC = YES;
				CLANG_WARN_BOOL_CONVERSION = YES;
				CLANG_WARN_CONSTANT_CONVERSION = YES;
				CLANG_WARN_DIRECT_OBJC_ISA_USAGE = YES_ERROR;
				CLANG_WARN_EMPTY_BODY = YES;
				CLANG_WARN_ENUM_CONVERSION = YES;
				CLANG_WARN_INT_CONVERSION = YES;
				CLANG_WARN_OBJC_ROOT_CLASS = YES_ERROR;
				CLANG_WARN__DUPLICATE_METHOD_MATCH = YES;
				"CODE_SIGN_IDENTITY[sdk=iphoneos*]" = "iPhone Developer";
				COPY_PHASE_STRIP = YES;
				ENABLE_NS_ASSERTIONS = NO;
				GCC_C_LANGUAGE_STANDARD = gnu99;
				GCC_WARN_64_TO_32_BIT_CONVERSION = YES;
				GCC_WARN_ABOUT_RETURN_TYPE = YES_ERROR;
				GCC_WARN_UNDECLARED_SELECTOR = YES;
				GCC_WARN_UNINITIALIZED_AUTOS = YES_AGGRESSIVE;
				GCC_WARN_UNUSED_FUNCTION = YES;
				GCC_WARN_UNUSED_VARIABLE = YES;
				IPHONEOS_DEPLOYMENT_TARGET = 7.1;
				SDKROOT = iphoneos;
				VALIDATE_PRODUCT = YES;
			};
			name = Release;
		};
		652BABB0199D3CCA009F5F5A /* Debug */ = {
			isa = XCBuildConfiguration;
			buildSettings = {
				ASSETCATALOG_COMPILER_APPICON_NAME = AppIcon;
				ASSETCATALOG_COMPILER_LAUNCHIMAGE_NAME = LaunchImage;
				FRAMEWORK_SEARCH_PATHS = (
					"$(inherited)",
					/Users/jasonhuang/Downloads,
					"$(PROJECT_DIR)",
					"$(PROJECT_DIR)/CIU/FastPost",
				);
				GCC_PRECOMPILE_PREFIX_HEADER = YES;
				GCC_PREFIX_HEADER = "CIU/CIU-Prefix.pch";
				INFOPLIST_FILE = "CIU/CIU-Info.plist";
				LIBRARY_SEARCH_PATHS = (
					"$(inherited)",
					"$(PROJECT_DIR)/CIU/FastPost/CrittercismSDK",
				);
				PRODUCT_NAME = "$(TARGET_NAME)";
				WRAPPER_EXTENSION = app;
			};
			name = Debug;
		};
		652BABB1199D3CCA009F5F5A /* Release */ = {
			isa = XCBuildConfiguration;
			buildSettings = {
				ASSETCATALOG_COMPILER_APPICON_NAME = AppIcon;
				ASSETCATALOG_COMPILER_LAUNCHIMAGE_NAME = LaunchImage;
				FRAMEWORK_SEARCH_PATHS = (
					"$(inherited)",
					/Users/jasonhuang/Downloads,
					"$(PROJECT_DIR)",
					"$(PROJECT_DIR)/CIU/FastPost",
				);
				GCC_PRECOMPILE_PREFIX_HEADER = YES;
				GCC_PREFIX_HEADER = "CIU/CIU-Prefix.pch";
				INFOPLIST_FILE = "CIU/CIU-Info.plist";
				LIBRARY_SEARCH_PATHS = (
					"$(inherited)",
					"$(PROJECT_DIR)/CIU/FastPost/CrittercismSDK",
				);
				PRODUCT_NAME = "$(TARGET_NAME)";
				WRAPPER_EXTENSION = app;
			};
			name = Release;
		};
		652BABB3199D3CCA009F5F5A /* Debug */ = {
			isa = XCBuildConfiguration;
			buildSettings = {
				BUNDLE_LOADER = "$(BUILT_PRODUCTS_DIR)/CIU.app/CIU";
				FRAMEWORK_SEARCH_PATHS = (
					"$(SDKROOT)/Developer/Library/Frameworks",
					"$(inherited)",
					"$(DEVELOPER_FRAMEWORKS_DIR)",
				);
				GCC_PRECOMPILE_PREFIX_HEADER = YES;
				GCC_PREFIX_HEADER = "CIU/CIU-Prefix.pch";
				GCC_PREPROCESSOR_DEFINITIONS = (
					"DEBUG=1",
					"$(inherited)",
				);
				INFOPLIST_FILE = "CIUTests/CIUTests-Info.plist";
				PRODUCT_NAME = "$(TARGET_NAME)";
				TEST_HOST = "$(BUNDLE_LOADER)";
				WRAPPER_EXTENSION = xctest;
			};
			name = Debug;
		};
		652BABB4199D3CCA009F5F5A /* Release */ = {
			isa = XCBuildConfiguration;
			buildSettings = {
				BUNDLE_LOADER = "$(BUILT_PRODUCTS_DIR)/CIU.app/CIU";
				FRAMEWORK_SEARCH_PATHS = (
					"$(SDKROOT)/Developer/Library/Frameworks",
					"$(inherited)",
					"$(DEVELOPER_FRAMEWORKS_DIR)",
				);
				GCC_PRECOMPILE_PREFIX_HEADER = YES;
				GCC_PREFIX_HEADER = "CIU/CIU-Prefix.pch";
				INFOPLIST_FILE = "CIUTests/CIUTests-Info.plist";
				PRODUCT_NAME = "$(TARGET_NAME)";
				TEST_HOST = "$(BUNDLE_LOADER)";
				WRAPPER_EXTENSION = xctest;
			};
			name = Release;
		};
/* End XCBuildConfiguration section */

/* Begin XCConfigurationList section */
		652BAB78199D3CCA009F5F5A /* Build configuration list for PBXProject "CIU" */ = {
			isa = XCConfigurationList;
			buildConfigurations = (
				652BABAD199D3CCA009F5F5A /* Debug */,
				652BABAE199D3CCA009F5F5A /* Release */,
			);
			defaultConfigurationIsVisible = 0;
			defaultConfigurationName = Release;
		};
		652BABAF199D3CCA009F5F5A /* Build configuration list for PBXNativeTarget "CIU" */ = {
			isa = XCConfigurationList;
			buildConfigurations = (
				652BABB0199D3CCA009F5F5A /* Debug */,
				652BABB1199D3CCA009F5F5A /* Release */,
			);
			defaultConfigurationIsVisible = 0;
			defaultConfigurationName = Release;
		};
		652BABB2199D3CCA009F5F5A /* Build configuration list for PBXNativeTarget "CIUTests" */ = {
			isa = XCConfigurationList;
			buildConfigurations = (
				652BABB3199D3CCA009F5F5A /* Debug */,
				652BABB4199D3CCA009F5F5A /* Release */,
			);
			defaultConfigurationIsVisible = 0;
			defaultConfigurationName = Release;
		};
/* End XCConfigurationList section */

/* Begin XCVersionGroup section */
		501A5E5419A579C70050BFA6 /* Model.xcdatamodeld */ = {
			isa = XCVersionGroup;
			children = (
				501A5E5519A579C70050BFA6 /* Model.xcdatamodel */,
			);
			currentVersion = 501A5E5519A579C70050BFA6 /* Model.xcdatamodel */;
			path = Model.xcdatamodeld;
			sourceTree = "<group>";
			versionGroupType = wrapper.xcdatamodel;
		};
/* End XCVersionGroup section */
	};
	rootObject = 652BAB75199D3CCA009F5F5A /* Project object */;
}
